// !$*UTF8*$!
{
	archiveVersion = 1;
	classes = {
	};
	objectVersion = 77;
	objects = {

/* Begin PBXBuildFile section */
		192B3BF309C9B3BC47FF559A /* PlayerViewModel.swift in Sources */ = {isa = PBXBuildFile; fileRef = 9A38BB34C7CB8723F35D13C3 /* PlayerViewModel.swift */; };
		22BA44474485D4EFDDB00B27 /* RadioParadiseAPI.swift in Sources */ = {isa = PBXBuildFile; fileRef = BB1479F7A49679E0C783DFEB /* RadioParadiseAPI.swift */; };
		59652252D5F79A5E64F239E3 /* Assets.xcassets in Resources */ = {isa = PBXBuildFile; fileRef = 27A943892E4FC51936BDBD44 /* Assets.xcassets */; };
		79E72BDD238E864BB1B1A41A /* Channel.swift in Sources */ = {isa = PBXBuildFile; fileRef = 898466FB09B308DC6D0474F9 /* Channel.swift */; };
		B9F4F9DA5FFCC4C589D4F54A /* Track.swift in Sources */ = {isa = PBXBuildFile; fileRef = A96578A8016BB32800114BFA /* Track.swift */; };
		E98D3147F276B8310B9159E0 /* PlayerView.swift in Sources */ = {isa = PBXBuildFile; fileRef = 3AF14C3FADB8DDD6A46932F2 /* PlayerView.swift */; };
		F69628AA260EC9DB105C1AF2 /* RadioParadiseApp.swift in Sources */ = {isa = PBXBuildFile; fileRef = 84EB27346E919A25AD0ED89C /* RadioParadiseApp.swift */; };
		FFD8EFD840572A5745D1B9C2 /* AudioPlayer.swift in Sources */ = {isa = PBXBuildFile; fileRef = 775AE25959A3B6E2383741BC /* AudioPlayer.swift */; };
/* End PBXBuildFile section */

/* Begin PBXFileReference section */
		27A943892E4FC51936BDBD44 /* Assets.xcassets */ = {isa = PBXFileReference; lastKnownFileType = folder.assetcatalog; path = Assets.xcassets; sourceTree = "<group>"; };
		3AF14C3FADB8DDD6A46932F2 /* PlayerView.swift */ = {isa = PBXFileReference; lastKnownFileType = sourcecode.swift; path = PlayerView.swift; sourceTree = "<group>"; };
		775AE25959A3B6E2383741BC /* AudioPlayer.swift */ = {isa = PBXFileReference; lastKnownFileType = sourcecode.swift; path = AudioPlayer.swift; sourceTree = "<group>"; };
		84EB27346E919A25AD0ED89C /* RadioParadiseApp.swift */ = {isa = PBXFileReference; lastKnownFileType = sourcecode.swift; path = RadioParadiseApp.swift; sourceTree = "<group>"; };
		898466FB09B308DC6D0474F9 /* Channel.swift */ = {isa = PBXFileReference; lastKnownFileType = sourcecode.swift; path = Channel.swift; sourceTree = "<group>"; };
		9A38BB34C7CB8723F35D13C3 /* PlayerViewModel.swift */ = {isa = PBXFileReference; lastKnownFileType = sourcecode.swift; path = PlayerViewModel.swift; sourceTree = "<group>"; };
		A96578A8016BB32800114BFA /* Track.swift */ = {isa = PBXFileReference; lastKnownFileType = sourcecode.swift; path = Track.swift; sourceTree = "<group>"; };
		BB1479F7A49679E0C783DFEB /* RadioParadiseAPI.swift */ = {isa = PBXFileReference; lastKnownFileType = sourcecode.swift; path = RadioParadiseAPI.swift; sourceTree = "<group>"; };
		CC0B430B0EBDC1CE42D6151C /* Info.plist */ = {isa = PBXFileReference; lastKnownFileType = text.plist; path = Info.plist; sourceTree = "<group>"; };
		CEFCCE8E78BBCC1B1E02A3F7 /* RadioParadise.app */ = {isa = PBXFileReference; includeInIndex = 0; lastKnownFileType = wrapper.application; path = RadioParadise.app; sourceTree = BUILT_PRODUCTS_DIR; };
/* End PBXFileReference section */

/* Begin PBXGroup section */
		058437EE2A070677AB6775E1 /* Views */ = {
			isa = PBXGroup;
			children = (
				3AF14C3FADB8DDD6A46932F2 /* PlayerView.swift */,
			);
			path = Views;
			sourceTree = "<group>";
		};
		259A0AA86F3F70F37C5211C6 /* Sources */ = {
			isa = PBXGroup;
			children = (
				342FD7DA3A94F4159292ED0C /* RadioParadise */,
			);
			path = Sources;
			sourceTree = "<group>";
		};
		28CCDD06E213496BC4D55FA1 /* Products */ = {
			isa = PBXGroup;
			children = (
				CEFCCE8E78BBCC1B1E02A3F7 /* RadioParadise.app */,
			);
			name = Products;
			sourceTree = "<group>";
		};
		2A4E2DCF220BC08C64DF77E5 /* Models */ = {
			isa = PBXGroup;
			children = (
				898466FB09B308DC6D0474F9 /* Channel.swift */,
				A96578A8016BB32800114BFA /* Track.swift */,
			);
			path = Models;
			sourceTree = "<group>";
		};
		342FD7DA3A94F4159292ED0C /* RadioParadise */ = {
			isa = PBXGroup;
			children = (
				749F00BE950E2EA0F91C23A1 /* App */,
				2A4E2DCF220BC08C64DF77E5 /* Models */,
				C04971E75A8DB41F87D3E0B3 /* Resources */,
				B14E826ED06B497D3B1C4C66 /* Services */,
				97792AE4B729C6B63A0E636A /* ViewModels */,
				058437EE2A070677AB6775E1 /* Views */,
			);
			path = RadioParadise;
			sourceTree = "<group>";
		};
		749F00BE950E2EA0F91C23A1 /* App */ = {
			isa = PBXGroup;
			children = (
				84EB27346E919A25AD0ED89C /* RadioParadiseApp.swift */,
			);
			path = App;
			sourceTree = "<group>";
		};
		97792AE4B729C6B63A0E636A /* ViewModels */ = {
			isa = PBXGroup;
			children = (
				9A38BB34C7CB8723F35D13C3 /* PlayerViewModel.swift */,
			);
			path = ViewModels;
			sourceTree = "<group>";
		};
		B14E826ED06B497D3B1C4C66 /* Services */ = {
			isa = PBXGroup;
			children = (
				775AE25959A3B6E2383741BC /* AudioPlayer.swift */,
				BB1479F7A49679E0C783DFEB /* RadioParadiseAPI.swift */,
			);
			path = Services;
			sourceTree = "<group>";
		};
		C04971E75A8DB41F87D3E0B3 /* Resources */ = {
			isa = PBXGroup;
			children = (
				27A943892E4FC51936BDBD44 /* Assets.xcassets */,
				CC0B430B0EBDC1CE42D6151C /* Info.plist */,
			);
			path = Resources;
			sourceTree = "<group>";
		};
		D7741435DDF4B48F1E1DB4F2 = {
			isa = PBXGroup;
			children = (
				259A0AA86F3F70F37C5211C6 /* Sources */,
				28CCDD06E213496BC4D55FA1 /* Products */,
			);
			sourceTree = "<group>";
		};
/* End PBXGroup section */

/* Begin PBXNativeTarget section */
		11CACE025DA4069F6E6BFFDF /* RadioParadise */ = {
			isa = PBXNativeTarget;
			buildConfigurationList = 700AF27F963CF3DCF9DBEA87 /* Build configuration list for PBXNativeTarget "RadioParadise" */;
			buildPhases = (
				E3CB74F4AF309D0AFF7E074F /* Sources */,
				88CFA1C64A99887CA9305DF3 /* Resources */,
			);
			buildRules = (
			);
			dependencies = (
			);
			name = RadioParadise;
			packageProductDependencies = (
			);
			productName = RadioParadise;
			productReference = CEFCCE8E78BBCC1B1E02A3F7 /* RadioParadise.app */;
			productType = "com.apple.product-type.application";
		};
/* End PBXNativeTarget section */

/* Begin PBXProject section */
		733E506C111B74FAA8945C20 /* Project object */ = {
			isa = PBXProject;
			attributes = {
				BuildIndependentTargetsInParallel = YES;
				LastUpgradeCheck = 1640;
				TargetAttributes = {
				};
			};
			buildConfigurationList = ED0604442111BE68ECBF8CB9 /* Build configuration list for PBXProject "RadioParadise" */;
			developmentRegion = en;
			hasScannedForEncodings = 0;
			knownRegions = (
				Base,
				en,
			);
			mainGroup = D7741435DDF4B48F1E1DB4F2;
			minimizedProjectReferenceProxies = 1;
			preferredProjectObjectVersion = 77;
			productRefGroup = 28CCDD06E213496BC4D55FA1 /* Products */;
			projectDirPath = "";
			projectRoot = "";
			targets = (
				11CACE025DA4069F6E6BFFDF /* RadioParadise */,
			);
		};
/* End PBXProject section */

/* Begin PBXResourcesBuildPhase section */
		88CFA1C64A99887CA9305DF3 /* Resources */ = {
			isa = PBXResourcesBuildPhase;
			buildActionMask = 2147483647;
			files = (
				59652252D5F79A5E64F239E3 /* Assets.xcassets in Resources */,
			);
			runOnlyForDeploymentPostprocessing = 0;
		};
/* End PBXResourcesBuildPhase section */

/* Begin PBXSourcesBuildPhase section */
		E3CB74F4AF309D0AFF7E074F /* Sources */ = {
			isa = PBXSourcesBuildPhase;
			buildActionMask = 2147483647;
			files = (
				FFD8EFD840572A5745D1B9C2 /* AudioPlayer.swift in Sources */,
				79E72BDD238E864BB1B1A41A /* Channel.swift in Sources */,
				E98D3147F276B8310B9159E0 /* PlayerView.swift in Sources */,
				192B3BF309C9B3BC47FF559A /* PlayerViewModel.swift in Sources */,
				22BA44474485D4EFDDB00B27 /* RadioParadiseAPI.swift in Sources */,
				F69628AA260EC9DB105C1AF2 /* RadioParadiseApp.swift in Sources */,
				B9F4F9DA5FFCC4C589D4F54A /* Track.swift in Sources */,
			);
			runOnlyForDeploymentPostprocessing = 0;
		};
/* End PBXSourcesBuildPhase section */

/* Begin XCBuildConfiguration section */
		194A99F41212F064D068F22E /* Debug */ = {
			isa = XCBuildConfiguration;
			buildSettings = {
				ASSETCATALOG_COMPILER_APPICON_NAME = AppIcon;
				CODE_SIGN_IDENTITY = "iPhone Developer";
				INFOPLIST_FILE = Sources/RadioParadise/Resources/Info.plist;
				IPHONEOS_DEPLOYMENT_TARGET = 26.0;
				LD_RUNPATH_SEARCH_PATHS = (
					"$(inherited)",
					"@executable_path/Frameworks",
				);
				PRODUCT_BUNDLE_IDENTIFIER = com.madebynaga.radioparadise;
				PRODUCT_NAME = "Radio Paradise";
				SDKROOT = iphoneos;
				SWIFT_VERSION = 6.0;
				TARGETED_DEVICE_FAMILY = "1,2";
			};
			name = Debug;
		};
		660E85AFB693172DD9E90B76 /* Release */ = {
			isa = XCBuildConfiguration;
			buildSettings = {
				ASSETCATALOG_COMPILER_APPICON_NAME = AppIcon;
				CODE_SIGN_IDENTITY = "iPhone Developer";
				INFOPLIST_FILE = Sources/RadioParadise/Resources/Info.plist;
				IPHONEOS_DEPLOYMENT_TARGET = 26.0;
				LD_RUNPATH_SEARCH_PATHS = (
					"$(inherited)",
					"@executable_path/Frameworks",
				);
				PRODUCT_BUNDLE_IDENTIFIER = com.madebynaga.radioparadise;
				PRODUCT_NAME = "Radio Paradise";
				SDKROOT = iphoneos;
				SWIFT_VERSION = 6.0;
				TARGETED_DEVICE_FAMILY = "1,2";
			};
			name = Release;
		};
		F2DB1A5D49DE480788079C65 /* Debug */ = {
			isa = XCBuildConfiguration;
			buildSettings = {
				ALWAYS_SEARCH_USER_PATHS = NO;
				CLANG_ANALYZER_NONNULL = YES;
				CLANG_ANALYZER_NUMBER_OBJECT_CONVERSION = YES_AGGRESSIVE;
				CLANG_CXX_LANGUAGE_STANDARD = "gnu++14";
				CLANG_CXX_LIBRARY = "libc++";
				CLANG_ENABLE_MODULES = YES;
				CLANG_ENABLE_OBJC_ARC = YES;
				CLANG_ENABLE_OBJC_WEAK = YES;
				CLANG_WARN_BLOCK_CAPTURE_AUTORELEASING = YES;
				CLANG_WARN_BOOL_CONVERSION = YES;
				CLANG_WARN_COMMA = YES;
				CLANG_WARN_CONSTANT_CONVERSION = YES;
				CLANG_WARN_DEPRECATED_OBJC_IMPLEMENTATIONS = YES;
				CLANG_WARN_DIRECT_OBJC_ISA_USAGE = YES_ERROR;
				CLANG_WARN_DOCUMENTATION_COMMENTS = YES;
				CLANG_WARN_EMPTY_BODY = YES;
				CLANG_WARN_ENUM_CONVERSION = YES;
				CLANG_WARN_INFINITE_RECURSION = YES;
				CLANG_WARN_INT_CONVERSION = YES;
				CLANG_WARN_NON_LITERAL_NULL_CONVERSION = YES;
				CLANG_WARN_OBJC_IMPLICIT_RETAIN_SELF = YES;
				CLANG_WARN_OBJC_LITERAL_CONVERSION = YES;
				CLANG_WARN_OBJC_ROOT_CLASS = YES_ERROR;
				CLANG_WARN_QUOTED_INCLUDE_IN_FRAMEWORK_HEADER = YES;
				CLANG_WARN_RANGE_LOOP_ANALYSIS = YES;
				CLANG_WARN_STRICT_PROTOTYPES = YES;
				CLANG_WARN_SUSPICIOUS_MOVE = YES;
				CLANG_WARN_UNGUARDED_AVAILABILITY = YES_AGGRESSIVE;
				CLANG_WARN_UNREACHABLE_CODE = YES;
				CLANG_WARN__DUPLICATE_METHOD_MATCH = YES;
				COPY_PHASE_STRIP = NO;
				DEBUG_INFORMATION_FORMAT = dwarf;
				ENABLE_STRICT_OBJC_MSGSEND = YES;
				ENABLE_TESTABILITY = YES;
				GCC_C_LANGUAGE_STANDARD = gnu11;
				GCC_DYNAMIC_NO_PIC = NO;
				GCC_NO_COMMON_BLOCKS = YES;
				GCC_OPTIMIZATION_LEVEL = 0;
				GCC_PREPROCESSOR_DEFINITIONS = (
					"$(inherited)",
					"DEBUG=1",
				);
				GCC_WARN_64_TO_32_BIT_CONVERSION = YES;
				GCC_WARN_ABOUT_RETURN_TYPE = YES_ERROR;
				GCC_WARN_UNDECLARED_SELECTOR = YES;
				GCC_WARN_UNINITIALIZED_AUTOS = YES_AGGRESSIVE;
				GCC_WARN_UNUSED_FUNCTION = YES;
				GCC_WARN_UNUSED_VARIABLE = YES;
				IPHONEOS_DEPLOYMENT_TARGET = 26.0;
				MTL_ENABLE_DEBUG_INFO = INCLUDE_SOURCE;
				MTL_FAST_MATH = YES;
				ONLY_ACTIVE_ARCH = YES;
				PRODUCT_NAME = "$(TARGET_NAME)";
				SDKROOT = iphoneos;
				SWIFT_ACTIVE_COMPILATION_CONDITIONS = DEBUG;
				SWIFT_OPTIMIZATION_LEVEL = "-Onone";
				SWIFT_VERSION = 5.0;
			};
			name = Debug;
		};
		FFC5913DE04BD25084ADE83B /* Release */ = {
			isa = XCBuildConfiguration;
			buildSettings = {
				ALWAYS_SEARCH_USER_PATHS = NO;
				CLANG_ANALYZER_NONNULL = YES;
				CLANG_ANALYZER_NUMBER_OBJECT_CONVERSION = YES_AGGRESSIVE;
				CLANG_CXX_LANGUAGE_STANDARD = "gnu++14";
				CLANG_CXX_LIBRARY = "libc++";
				CLANG_ENABLE_MODULES = YES;
				CLANG_ENABLE_OBJC_ARC = YES;
				CLANG_ENABLE_OBJC_WEAK = YES;
				CLANG_WARN_BLOCK_CAPTURE_AUTORELEASING = YES;
				CLANG_WARN_BOOL_CONVERSION = YES;
				CLANG_WARN_COMMA = YES;
				CLANG_WARN_CONSTANT_CONVERSION = YES;
				CLANG_WARN_DEPRECATED_OBJC_IMPLEMENTATIONS = YES;
				CLANG_WARN_DIRECT_OBJC_ISA_USAGE = YES_ERROR;
				CLANG_WARN_DOCUMENTATION_COMMENTS = YES;
				CLANG_WARN_EMPTY_BODY = YES;
				CLANG_WARN_ENUM_CONVERSION = YES;
				CLANG_WARN_INFINITE_RECURSION = YES;
				CLANG_WARN_INT_CONVERSION = YES;
				CLANG_WARN_NON_LITERAL_NULL_CONVERSION = YES;
				CLANG_WARN_OBJC_IMPLICIT_RETAIN_SELF = YES;
				CLANG_WARN_OBJC_LITERAL_CONVERSION = YES;
				CLANG_WARN_OBJC_ROOT_CLASS = YES_ERROR;
				CLANG_WARN_QUOTED_INCLUDE_IN_FRAMEWORK_HEADER = YES;
				CLANG_WARN_RANGE_LOOP_ANALYSIS = YES;
				CLANG_WARN_STRICT_PROTOTYPES = YES;
				CLANG_WARN_SUSPICIOUS_MOVE = YES;
				CLANG_WARN_UNGUARDED_AVAILABILITY = YES_AGGRESSIVE;
				CLANG_WARN_UNREACHABLE_CODE = YES;
				CLANG_WARN__DUPLICATE_METHOD_MATCH = YES;
				COPY_PHASE_STRIP = NO;
				DEBUG_INFORMATION_FORMAT = "dwarf-with-dsym";
				ENABLE_NS_ASSERTIONS = NO;
				ENABLE_STRICT_OBJC_MSGSEND = YES;
				GCC_C_LANGUAGE_STANDARD = gnu11;
				GCC_NO_COMMON_BLOCKS = YES;
				GCC_WARN_64_TO_32_BIT_CONVERSION = YES;
				GCC_WARN_ABOUT_RETURN_TYPE = YES_ERROR;
				GCC_WARN_UNDECLARED_SELECTOR = YES;
				GCC_WARN_UNINITIALIZED_AUTOS = YES_AGGRESSIVE;
				GCC_WARN_UNUSED_FUNCTION = YES;
				GCC_WARN_UNUSED_VARIABLE = YES;
				IPHONEOS_DEPLOYMENT_TARGET = 26.0;
				MTL_ENABLE_DEBUG_INFO = NO;
				MTL_FAST_MATH = YES;
				PRODUCT_NAME = "$(TARGET_NAME)";
				SDKROOT = iphoneos;
				SWIFT_COMPILATION_MODE = wholemodule;
				SWIFT_OPTIMIZATION_LEVEL = "-O";
				SWIFT_VERSION = 5.0;
			};
			name = Release;
		};
/* End XCBuildConfiguration section */

/* Begin XCConfigurationList section */
		700AF27F963CF3DCF9DBEA87 /* Build configuration list for PBXNativeTarget "RadioParadise" */ = {
			isa = XCConfigurationList;
			buildConfigurations = (
				194A99F41212F064D068F22E /* Debug */,
				660E85AFB693172DD9E90B76 /* Release */,
			);
			defaultConfigurationIsVisible = 0;
			defaultConfigurationName = Debug;
		};
		ED0604442111BE68ECBF8CB9 /* Build configuration list for PBXProject "RadioParadise" */ = {
			isa = XCConfigurationList;
			buildConfigurations = (
				F2DB1A5D49DE480788079C65 /* Debug */,
				FFC5913DE04BD25084ADE83B /* Release */,
			);
			defaultConfigurationIsVisible = 0;
			defaultConfigurationName = Debug;
		};
/* End XCConfigurationList section */
	};
	rootObject = 733E506C111B74FAA8945C20 /* Project object */;
}
